{
  "name": "mimi",
  "version": "1.0.0",
  "lockfileVersion": 2,
  "requires": true,
  "packages": {
    "": {
      "name": "mimi",
      "version": "1.0.0",
      "license": "ISC",
      "dependencies": {
        "fp-ts": "^2.11.9",
        "typescript": "^4.6.3"
      }
    },
    "node_modules/fp-ts": {
      "version": "2.11.9",
      "resolved": "https://registry.npmjs.org/fp-ts/-/fp-ts-2.11.9.tgz",
      "integrity": "sha512-GhYlNKkCOfdjp71ocdtyaQGoqCswEoWDJLRr+2jClnBBq2dnSOtd6QxmJdALq8UhfqCyZZ0f0lxadU4OhwY9nw=="
    },
    "node_modules/typescript": {
      "version": "4.6.3",
      "resolved": "https://registry.npmjs.org/typescript/-/typescript-4.6.3.tgz",
      "integrity": "sha512-yNIatDa5iaofVozS/uQJEl3JRWLKKGJKh6Yaiv0GLGSuhpFJe7P3SbHZ8/yjAHRQwKRoA6YZqlfjXWmVzoVSMw==",
      "bin": {
        "tsc": "bin/tsc",
        "tsserver": "bin/tsserver"
      },
      "engines": {
        "node": ">=4.2.0"
      }
    }
  },
  "dependencies": {
    "fp-ts": {
      "version": "2.11.9",
      "resolved": "https://registry.npmjs.org/fp-ts/-/fp-ts-2.11.9.tgz",
      "integrity": "sha512-GhYlNKkCOfdjp71ocdtyaQGoqCswEoWDJLRr+2jClnBBq2dnSOtd6QxmJdALq8UhfqCyZZ0f0lxadU4OhwY9nw=="
    },
    "typescript": {
      "version": "4.6.3",
      "resolved": "https://registry.npmjs.org/typescript/-/typescript-4.6.3.tgz",
      "integrity": "sha512-yNIatDa5iaofVozS/uQJEl3JRWLKKGJKh6Yaiv0GLGSuhpFJe7P3SbHZ8/yjAHRQwKRoA6YZqlfjXWmVzoVSMw=="
    }
  }
}
